
Microsoft Visual Studio Solution File, Format Version 12.00
# Visual Studio Version 17
VisualStudioVersion = 17.3.32929.385
MinimumVisualStudioVersion = 10.0.40219.1
Project("{FAE04EC0-301F-11D3-BF4B-00C04F79EFBC}") = "WebApiBlogExample", "WebApiBlogExample\WebApiBlogExample.csproj", "{D2775029-61E0-4297-8A7F-192FC82ED47D}"
EndProject
Global
	GlobalSection(SolutionConfigurationPlatforms) = preSolution
		Debug|Any CPU = Debug|Any CPU
		Release|Any CPU = Release|Any CPU
	EndGlobalSection
	GlobalSection(ProjectConfigurationPlatforms) = postSolution
		{D2775029-61E0-4297-8A7F-192FC82ED47D}.Debug|Any CPU.ActiveCfg = Debug|Any CPU
		{D2775029-61E0-4297-8A7F-192FC82ED47D}.Debug|Any CPU.Build.0 = Debug|Any CPU
		{D2775029-61E0-4297-8A7F-192FC82ED47D}.Release|Any CPU.ActiveCfg = Release|Any CPU
		{D2775029-61E0-4297-8A7F-192FC82ED47D}.Release|Any CPU.Build.0 = Release|Any CPU
	EndGlobalSection
	GlobalSection(SolutionProperties) = preSolution
		HideSolutionNode = FALSE
	EndGlobalSection
	GlobalSection(ExtensibilityGlobals) = postSolution
		SolutionGuid = {200BB138-CAD4-4A7F-A235-6B5BBDA02ADF}
	EndGlobalSection
EndGlobal
